# This file was autogenerated by Stack.
# You should not edit this file by hand.
# For more information, please see the documentation at:
#   https://docs.haskellstack.org/en/stable/lock_files

packages:
- completed:
    hackage: grpc-haskell-core-0.1.0@sha256:50adbefd11be9e8b72ea98b7c3b5a4b2879fea211de4552b9759b91f2d4d8c51,3304
    pantry-tree:
      size: 2330
      sha256: 5225c7c8413b57b43e94ec64a7efbc107fa764ccf66eb1fa6a7be22e5a98c683
  original:
    hackage: grpc-haskell-core-0.1.0
- completed:
    hackage: grpc-haskell-0.1.0@sha256:af109db9bf7d7d00a5088fb30dab1a03e3c54b19c66dc1ac0d8d61217524d11b,6334
    pantry-tree:
      size: 1934
      sha256: d02f71fad7f9c8d734c30d6c039f1ad98e210e416ddb960c961d0669a4c184fc
  original:
    hackage: grpc-haskell-0.1.0
- completed:
    hackage: proto3-suite-0.4.2@sha256:1d6cb5807250df144d550bb621b4aa20d6870907f84413860375cd30bcc935e9,6253
    pantry-tree:
      size: 3119
      sha256: dc14b7edce979a67a60b6d789c8b4863c87981529f53b0ba490555fd71f1fe8b
  original:
    hackage: proto3-suite-0.4.2
- completed:
    hackage: proto3-wire-1.2.2@sha256:06cfbd240071099b01c78f90d540a6276e4b40626a97cae9e8668ace5d773864,2756
    pantry-tree:
      size: 1009
      sha256: dd8a00722794fa6aee7e3d3fda5f10f518951664a7f8ae880c7d017599972c5e
  original:
    hackage: proto3-wire-1.2.2
- completed:
    hackage: parameterized-0.5.0.0@sha256:880717fbb958de1bac015f0a375ab6636f162a72483d987a11e305da6fac6c97,1969
    pantry-tree:
      size: 1019
      sha256: 843aed822e03279edf00a2595dfb22038b306f4f0acd6984bd108024c5102f90
  original:
    hackage: parameterized-0.5.0.0
snapshots:
- completed:
    size: 524164
    url: https://raw.githubusercontent.com/commercialhaskell/stackage-snapshots/master/lts/14/22.yaml
    sha256: 7ad8f33179b32d204165a3a662c6269464a47a7e65a30abc38d01b5a38ec42c0
  original: lts-14.22
